github.com/bartekpacia/fhome v0.1.27 h1:YR3Ye837MCd110Led2Y1zM65nzuTOzoO7EwsfGQABns=
github.com/bartekpacia/fhome v0.1.27/go.mod h1:d2nXfg4GdrxF6tJaFzniA/rW/SWR7yKjZGz9EyTkfKI=
github.com/bartekpacia/fhome v0.2.1 h1:smimVcYznBWRaMd/YGBumEKeXtO4Wbs8cjM1yFYJt+s=
github.com/bartekpacia/fhome v0.2.1/go.mod h1:mKMNdZ5uJ1BOIIyPxoZmjrajijMPxgMCMiLdV9slzqQ=
github.com/bartekpacia/fhome v0.3.4 h1:Gxsb8u5QAdrTlbqTZDZFdB0x/FnrsfvpSTJJKSBGEv0=
github.com/bartekpacia/fhome v0.3.4/go.mod h1:ECBrYXWo6kzvAN7o3hVkcSzFFfGXW8VUmxrhhIrW2J0=
github.com/go-telegram/bot v1.6.1 h1:jiIYq8Z7HfL4nZ+rPpCBMPWLvll04LLxaGs/DleWnbU=
github.com/go-telegram/bot v1.6.1/go.mod h1:i2TRs7fXWIeaceF3z7KzsMt/he0TwkVC680mvdTFYeM=
github.com/go-telegram/bot v1.10.0 h1:/Y9ZupcZhYQiAOFE1ETCF8P4836XE42nDkLcWHYTg3g=
github.com/go-telegram/bot v1.10.0/go.mod h1:i2TRs7fXWIeaceF3z7KzsMt/he0TwkVC680mvdTFYeM=
github.com/go-telegram/bot v1.17.0 h1:Hs0kGxSj97QFqOQP0zxduY/4tSx8QDzvNI9uVRS+zmY=
github.com/go-telegram/bot v1.17.0/go.mod h1:i2TRs7fXWIeaceF3z7KzsMt/he0TwkVC680mvdTFYeM=
github.com/gorilla/websocket v1.5.3 h1:saDtZ6Pbx/0u+bgYQ3q96pZgCzfhKXGPqt7kZ72aNNg=
github.com/gorilla/websocket v1.5.3/go.mod h1:YR8l580nyteQvAITg2hZ9XVh4b55+EU/adAjf1fMHhE=
golang.org/x/crypto v0.25.0 h1:ypSNr+bnYL2YhwoMt2zPxHFmbAN1KZs/njMG3hxUp30=
golang.org/x/crypto v0.25.0/go.mod h1:T+wALwcMOSE0kXgUAnPAHqTLW+XHgcELELW8VaDgm/M=
golang.org/x/crypto v0.28.0 h1:GBDwsMXVQi34v5CCYUm2jkJvu4cbtru2U4TN2PSyQnw=
golang.org/x/crypto v0.28.0/go.mod h1:rmgy+3RHxRZMyY0jjAJShp2zgEdOqj2AO7U0pYmeQ7U=
golang.org/x/crypto v0.46.0 h1:cKRW/pmt1pKAfetfu+RCEvjvZkA9RimPbh7bhFjGVBU=
golang.org/x/crypto v0.46.0/go.mod h1:Evb/oLKmMraqjZ2iQTwDwvCtJkczlDuTmdJXoZVzqU0=
